
Microsoft Visual Studio Solution File, Format Version 12.00
# Visual Studio Version 17
VisualStudioVersion = 17.14.36401.2 d17.14
MinimumVisualStudioVersion = 10.0.40219.1
Project("{FAE04EC0-301F-11D3-BF4B-00C04F79EFBC}") = "Interface", "Interface\Interface.csproj", "{05A82EDD-1645-4985-A366-66EA767E771C}"
EndProject
Global
	GlobalSection(SolutionConfigurationPlatforms) = preSolution
		Debug|Any CPU = Debug|Any CPU
		Release|Any CPU = Release|Any CPU
	EndGlobalSection
	GlobalSection(ProjectConfigurationPlatforms) = postSolution
		{05A82EDD-1645-4985-A366-66EA767E771C}.Debug|Any CPU.ActiveCfg = Debug|Any CPU
		{05A82EDD-1645-4985-A366-66EA767E771C}.Debug|Any CPU.Build.0 = Debug|Any CPU
		{05A82EDD-1645-4985-A366-66EA767E771C}.Release|Any CPU.ActiveCfg = Release|Any CPU
		{05A82EDD-1645-4985-A366-66EA767E771C}.Release|Any CPU.Build.0 = Release|Any CPU
	EndGlobalSection
	GlobalSection(SolutionProperties) = preSolution
		HideSolutionNode = FALSE
	EndGlobalSection
	GlobalSection(ExtensibilityGlobals) = postSolution
		SolutionGuid = {233AC96D-D17E-42EF-9EEE-6D7588217384}
	EndGlobalSection
EndGlobal
